// !$*UTF8*$!
{
	archiveVersion = 1;
	classes = {
	};
	objectVersion = 77;
	objects = {

/* Begin PBXBuildFile section */
		765940D42E863EAB00BB39B6 /* Assets.xcassets in Resources */ = {isa = PBXBuildFile; fileRef = 765940CD2E863EAB00BB39B6 /* Assets.xcassets */; };
		765940D52E863EAB00BB39B6 /* ContentView.swift in Sources */ = {isa = PBXBuildFile; fileRef = 765940CE2E863EAB00BB39B6 /* ContentView.swift */; };
		765940D62E863EAB00BB39B6 /* iOS26TestApp.swift in Sources */ = {isa = PBXBuildFile; fileRef = 765940CF2E863EAB00BB39B6 /* iOS26TestApp.swift */; };
		765940D82E863EBB00BB39B6 /* Color+Ext.swift in Sources */ = {isa = PBXBuildFile; fileRef = 765940D72E863EBB00BB39B6 /* Color+Ext.swift */; };
/* End PBXBuildFile section */

/* Begin PBXContainerItemProxy section */
		765940732E7E507A00BB39B6 /* PBXContainerItemProxy */ = {
			isa = PBXContainerItemProxy;
			containerPortal = 7659405D2E7E507900BB39B6 /* Project object */;
			proxyType = 1;
			remoteGlobalIDString = 765940642E7E507900BB39B6;
			remoteInfo = iOS26Test;
		};
		7659407D2E7E507A00BB39B6 /* PBXContainerItemProxy */ = {
			isa = PBXContainerItemProxy;
			containerPortal = 7659405D2E7E507900BB39B6 /* Project object */;
			proxyType = 1;
			remoteGlobalIDString = 765940642E7E507900BB39B6;
			remoteInfo = iOS26Test;
		};
/* End PBXContainerItemProxy section */

/* Begin PBXFileReference section */
		765940652E7E507900BB39B6 /* iOS26Test.app */ = {isa = PBXFileReference; explicitFileType = wrapper.application; includeInIndex = 0; path = iOS26Test.app; sourceTree = BUILT_PRODUCTS_DIR; };
		765940722E7E507A00BB39B6 /* iOS26TestTests.xctest */ = {isa = PBXFileReference; explicitFileType = wrapper.cfbundle; includeInIndex = 0; path = iOS26TestTests.xctest; sourceTree = BUILT_PRODUCTS_DIR; };
		7659407C2E7E507A00BB39B6 /* iOS26TestUITests.xctest */ = {isa = PBXFileReference; explicitFileType = wrapper.cfbundle; includeInIndex = 0; path = iOS26TestUITests.xctest; sourceTree = BUILT_PRODUCTS_DIR; };
		765940CD2E863EAB00BB39B6 /* Assets.xcassets */ = {isa = PBXFileReference; lastKnownFileType = folder.assetcatalog; path = Assets.xcassets; sourceTree = "<group>"; };
		765940CE2E863EAB00BB39B6 /* ContentView.swift */ = {isa = PBXFileReference; lastKnownFileType = sourcecode.swift; path = ContentView.swift; sourceTree = "<group>"; };
		765940CF2E863EAB00BB39B6 /* iOS26TestApp.swift */ = {isa = PBXFileReference; lastKnownFileType = sourcecode.swift; path = iOS26TestApp.swift; sourceTree = "<group>"; };
		765940D72E863EBB00BB39B6 /* Color+Ext.swift */ = {isa = PBXFileReference; lastKnownFileType = sourcecode.swift; path = "Color+Ext.swift"; sourceTree = "<group>"; };
/* End PBXFileReference section */

/* Begin PBXFileSystemSynchronizedRootGroup section */
		765940752E7E507A00BB39B6 /* iOS26TestTests */ = {
			isa = PBXFileSystemSynchronizedRootGroup;
			path = iOS26TestTests;
			sourceTree = "<group>";
		};
		7659407F2E7E507A00BB39B6 /* iOS26TestUITests */ = {
			isa = PBXFileSystemSynchronizedRootGroup;
			path = iOS26TestUITests;
			sourceTree = "<group>";
		};
/* End PBXFileSystemSynchronizedRootGroup section */

/* Begin PBXFrameworksBuildPhase section */
		765940622E7E507900BB39B6 /* Frameworks */ = {
			isa = PBXFrameworksBuildPhase;
			buildActionMask = 2147483647;
			files = (
			);
			runOnlyForDeploymentPostprocessing = 0;
		};
		7659406F2E7E507A00BB39B6 /* Frameworks */ = {
			isa = PBXFrameworksBuildPhase;
			buildActionMask = 2147483647;
			files = (
			);
			runOnlyForDeploymentPostprocessing = 0;
		};
		765940792E7E507A00BB39B6 /* Frameworks */ = {
			isa = PBXFrameworksBuildPhase;
			buildActionMask = 2147483647;
			files = (
			);
			runOnlyForDeploymentPostprocessing = 0;
		};
/* End PBXFrameworksBuildPhase section */

/* Begin PBXGroup section */
		7659405C2E7E507900BB39B6 = {
			isa = PBXGroup;
			children = (
				765940D02E863EAB00BB39B6 /* iOS26Test */,
				765940752E7E507A00BB39B6 /* iOS26TestTests */,
				7659407F2E7E507A00BB39B6 /* iOS26TestUITests */,
				765940662E7E507900BB39B6 /* Products */,
			);
			sourceTree = "<group>";
		};
		765940662E7E507900BB39B6 /* Products */ = {
			isa = PBXGroup;
			children = (
				765940652E7E507900BB39B6 /* iOS26Test.app */,
				765940722E7E507A00BB39B6 /* iOS26TestTests.xctest */,
				7659407C2E7E507A00BB39B6 /* iOS26TestUITests.xctest */,
			);
			name = Products;
			sourceTree = "<group>";
		};
		765940D02E863EAB00BB39B6 /* iOS26Test */ = {
			isa = PBXGroup;
			children = (
				765940D92E863EC400BB39B6 /* Extension */,
				765940CD2E863EAB00BB39B6 /* Assets.xcassets */,
				765940CE2E863EAB00BB39B6 /* ContentView.swift */,
				765940CF2E863EAB00BB39B6 /* iOS26TestApp.swift */,
			);
			path = iOS26Test;
			sourceTree = "<group>";
		};
		765940D92E863EC400BB39B6 /* Extension */ = {
			isa = PBXGroup;
			children = (
				765940D72E863EBB00BB39B6 /* Color+Ext.swift */,
			);
			path = Extension;
			sourceTree = "<group>";
		};
/* End PBXGroup section */

/* Begin PBXNativeTarget section */
		765940642E7E507900BB39B6 /* iOS26Test */ = {
			isa = PBXNativeTarget;
			buildConfigurationList = 765940862E7E507A00BB39B6 /* Build configuration list for PBXNativeTarget "iOS26Test" */;
			buildPhases = (
				765940612E7E507900BB39B6 /* Sources */,
				765940622E7E507900BB39B6 /* Frameworks */,
				765940632E7E507900BB39B6 /* Resources */,
			);
			buildRules = (
			);
			dependencies = (
			);
			name = iOS26Test;
			packageProductDependencies = (
			);
			productName = iOS26Test;
			productReference = 765940652E7E507900BB39B6 /* iOS26Test.app */;
			productType = "com.apple.product-type.application";
		};
		765940712E7E507A00BB39B6 /* iOS26TestTests */ = {
			isa = PBXNativeTarget;
			buildConfigurationList = 765940892E7E507A00BB39B6 /* Build configuration list for PBXNativeTarget "iOS26TestTests" */;
			buildPhases = (
				7659406E2E7E507A00BB39B6 /* Sources */,
				7659406F2E7E507A00BB39B6 /* Frameworks */,
				765940702E7E507A00BB39B6 /* Resources */,
			);
			buildRules = (
			);
			dependencies = (
				765940742E7E507A00BB39B6 /* PBXTargetDependency */,
			);
			fileSystemSynchronizedGroups = (
				765940752E7E507A00BB39B6 /* iOS26TestTests */,
			);
			name = iOS26TestTests;
			packageProductDependencies = (
			);
			productName = iOS26TestTests;
			productReference = 765940722E7E507A00BB39B6 /* iOS26TestTests.xctest */;
			productType = "com.apple.product-type.bundle.unit-test";
		};
		7659407B2E7E507A00BB39B6 /* iOS26TestUITests */ = {
			isa = PBXNativeTarget;
			buildConfigurationList = 7659408C2E7E507A00BB39B6 /* Build configuration list for PBXNativeTarget "iOS26TestUITests" */;
			buildPhases = (
				765940782E7E507A00BB39B6 /* Sources */,
				765940792E7E507A00BB39B6 /* Frameworks */,
				7659407A2E7E507A00BB39B6 /* Resources */,
			);
			buildRules = (
			);
			dependencies = (
				7659407E2E7E507A00BB39B6 /* PBXTargetDependency */,
			);
			fileSystemSynchronizedGroups = (
				7659407F2E7E507A00BB39B6 /* iOS26TestUITests */,
			);
			name = iOS26TestUITests;
			packageProductDependencies = (
			);
			productName = iOS26TestUITests;
			productReference = 7659407C2E7E507A00BB39B6 /* iOS26TestUITests.xctest */;
			productType = "com.apple.product-type.bundle.ui-testing";
		};
/* End PBXNativeTarget section */

/* Begin PBXProject section */
		7659405D2E7E507900BB39B6 /* Project object */ = {
			isa = PBXProject;
			attributes = {
				BuildIndependentTargetsInParallel = 1;
				LastSwiftUpdateCheck = 2600;
				LastUpgradeCheck = 2600;
				TargetAttributes = {
					765940642E7E507900BB39B6 = {
						CreatedOnToolsVersion = 26.0;
					};
					765940712E7E507A00BB39B6 = {
						CreatedOnToolsVersion = 26.0;
						TestTargetID = 765940642E7E507900BB39B6;
					};
					7659407B2E7E507A00BB39B6 = {
						CreatedOnToolsVersion = 26.0;
						TestTargetID = 765940642E7E507900BB39B6;
					};
				};
			};
			buildConfigurationList = 765940602E7E507900BB39B6 /* Build configuration list for PBXProject "iOS26Test" */;
			developmentRegion = en;
			hasScannedForEncodings = 0;
			knownRegions = (
				en,
				Base,
			);
			mainGroup = 7659405C2E7E507900BB39B6;
			minimizedProjectReferenceProxies = 1;
			preferredProjectObjectVersion = 77;
			productRefGroup = 765940662E7E507900BB39B6 /* Products */;
			projectDirPath = "";
			projectRoot = "";
			targets = (
				765940642E7E507900BB39B6 /* iOS26Test */,
				765940712E7E507A00BB39B6 /* iOS26TestTests */,
				7659407B2E7E507A00BB39B6 /* iOS26TestUITests */,
			);
		};
/* End PBXProject section */

/* Begin PBXResourcesBuildPhase section */
		765940632E7E507900BB39B6 /* Resources */ = {
			isa = PBXResourcesBuildPhase;
			buildActionMask = 2147483647;
			files = (
				765940D42E863EAB00BB39B6 /* Assets.xcassets in Resources */,
			);
			runOnlyForDeploymentPostprocessing = 0;
		};
		765940702E7E507A00BB39B6 /* Resources */ = {
			isa = PBXResourcesBuildPhase;
			buildActionMask = 2147483647;
			files = (
			);
			runOnlyForDeploymentPostprocessing = 0;
		};
		7659407A2E7E507A00BB39B6 /* Resources */ = {
			isa = PBXResourcesBuildPhase;
			buildActionMask = 2147483647;
			files = (
			);
			runOnlyForDeploymentPostprocessing = 0;
		};
/* End PBXResourcesBuildPhase section */

/* Begin PBXSourcesBuildPhase section */
		765940612E7E507900BB39B6 /* Sources */ = {
			isa = PBXSourcesBuildPhase;
			buildActionMask = 2147483647;
			files = (
				765940D52E863EAB00BB39B6 /* ContentView.swift in Sources */,
				765940D62E863EAB00BB39B6 /* iOS26TestApp.swift in Sources */,
				765940D82E863EBB00BB39B6 /* Color+Ext.swift in Sources */,
			);
			runOnlyForDeploymentPostprocessing = 0;
		};
		7659406E2E7E507A00BB39B6 /* Sources */ = {
			isa = PBXSourcesBuildPhase;
			buildActionMask = 2147483647;
			files = (
			);
			runOnlyForDeploymentPostprocessing = 0;
		};
		765940782E7E507A00BB39B6 /* Sources */ = {
			isa = PBXSourcesBuildPhase;
			buildActionMask = 2147483647;
			files = (
			);
			runOnlyForDeploymentPostprocessing = 0;
		};
/* End PBXSourcesBuildPhase section */

/* Begin PBXTargetDependency section */
		765940742E7E507A00BB39B6 /* PBXTargetDependency */ = {
			isa = PBXTargetDependency;
			target = 765940642E7E507900BB39B6 /* iOS26Test */;
			targetProxy = 765940732E7E507A00BB39B6 /* PBXContainerItemProxy */;
		};
		7659407E2E7E507A00BB39B6 /* PBXTargetDependency */ = {
			isa = PBXTargetDependency;
			target = 765940642E7E507900BB39B6 /* iOS26Test */;
			targetProxy = 7659407D2E7E507A00BB39B6 /* PBXContainerItemProxy */;
		};
/* End PBXTargetDependency section */

/* Begin XCBuildConfiguration section */
		765940842E7E507A00BB39B6 /* Debug */ = {
			isa = XCBuildConfiguration;
			buildSettings = {
				ALWAYS_SEARCH_USER_PATHS = NO;
				ASSETCATALOG_COMPILER_GENERATE_SWIFT_ASSET_SYMBOL_EXTENSIONS = YES;
				CLANG_ANALYZER_NONNULL = YES;
				CLANG_ANALYZER_NUMBER_OBJECT_CONVERSION = YES_AGGRESSIVE;
				CLANG_CXX_LANGUAGE_STANDARD = "gnu++20";
				CLANG_ENABLE_MODULES = YES;
				CLANG_ENABLE_OBJC_ARC = YES;
				CLANG_ENABLE_OBJC_WEAK = YES;
				CLANG_WARN_BLOCK_CAPTURE_AUTORELEASING = YES;
				CLANG_WARN_BOOL_CONVERSION = YES;
				CLANG_WARN_COMMA = YES;
				CLANG_WARN_CONSTANT_CONVERSION = YES;
				CLANG_WARN_DEPRECATED_OBJC_IMPLEMENTATIONS = YES;
				CLANG_WARN_DIRECT_OBJC_ISA_USAGE = YES_ERROR;
				CLANG_WARN_DOCUMENTATION_COMMENTS = YES;
				CLANG_WARN_EMPTY_BODY = YES;
				CLANG_WARN_ENUM_CONVERSION = YES;
				CLANG_WARN_INFINITE_RECURSION = YES;
				CLANG_WARN_INT_CONVERSION = YES;
				CLANG_WARN_NON_LITERAL_NULL_CONVERSION = YES;
				CLANG_WARN_OBJC_IMPLICIT_RETAIN_SELF = YES;
				CLANG_WARN_OBJC_LITERAL_CONVERSION = YES;
				CLANG_WARN_OBJC_ROOT_CLASS = YES_ERROR;
				CLANG_WARN_QUOTED_INCLUDE_IN_FRAMEWORK_HEADER = YES;
				CLANG_WARN_RANGE_LOOP_ANALYSIS = YES;
				CLANG_WARN_STRICT_PROTOTYPES = YES;
				CLANG_WARN_SUSPICIOUS_MOVE = YES;
				CLANG_WARN_UNGUARDED_AVAILABILITY = YES_AGGRESSIVE;
				CLANG_WARN_UNREACHABLE_CODE = YES;
				CLANG_WARN__DUPLICATE_METHOD_MATCH = YES;
				COPY_PHASE_STRIP = NO;
				DEBUG_INFORMATION_FORMAT = dwarf;
				DEVELOPMENT_TEAM = 8SEJMN2QLC;
				ENABLE_STRICT_OBJC_MSGSEND = YES;
				ENABLE_TESTABILITY = YES;
				ENABLE_USER_SCRIPT_SANDBOXING = YES;
				GCC_C_LANGUAGE_STANDARD = gnu17;
				GCC_DYNAMIC_NO_PIC = NO;
				GCC_NO_COMMON_BLOCKS = YES;
				GCC_OPTIMIZATION_LEVEL = 0;
				GCC_PREPROCESSOR_DEFINITIONS = (
					"DEBUG=1",
					"$(inherited)",
				);
				GCC_WARN_64_TO_32_BIT_CONVERSION = YES;
				GCC_WARN_ABOUT_RETURN_TYPE = YES_ERROR;
				GCC_WARN_UNDECLARED_SELECTOR = YES;
				GCC_WARN_UNINITIALIZED_AUTOS = YES_AGGRESSIVE;
				GCC_WARN_UNUSED_FUNCTION = YES;
				GCC_WARN_UNUSED_VARIABLE = YES;
				IPHONEOS_DEPLOYMENT_TARGET = 26.0;
				LOCALIZATION_PREFERS_STRING_CATALOGS = YES;
				MTL_ENABLE_DEBUG_INFO = INCLUDE_SOURCE;
				MTL_FAST_MATH = YES;
				ONLY_ACTIVE_ARCH = YES;
				SDKROOT = iphoneos;
				SWIFT_ACTIVE_COMPILATION_CONDITIONS = "DEBUG $(inherited)";
				SWIFT_OPTIMIZATION_LEVEL = "-Onone";
			};
			name = Debug;
		};
		765940852E7E507A00BB39B6 /* Release */ = {
			isa = XCBuildConfiguration;
			buildSettings = {
				ALWAYS_SEARCH_USER_PATHS = NO;
				ASSETCATALOG_COMPILER_GENERATE_SWIFT_ASSET_SYMBOL_EXTENSIONS = YES;
				CLANG_ANALYZER_NONNULL = YES;
				CLANG_ANALYZER_NUMBER_OBJECT_CONVERSION = YES_AGGRESSIVE;
				CLANG_CXX_LANGUAGE_STANDARD = "gnu++20";
				CLANG_ENABLE_MODULES = YES;
				CLANG_ENABLE_OBJC_ARC = YES;
				CLANG_ENABLE_OBJC_WEAK = YES;
				CLANG_WARN_BLOCK_CAPTURE_AUTORELEASING = YES;
				CLANG_WARN_BOOL_CONVERSION = YES;
				CLANG_WARN_COMMA = YES;
				CLANG_WARN_CONSTANT_CONVERSION = YES;
				CLANG_WARN_DEPRECATED_OBJC_IMPLEMENTATIONS = YES;
				CLANG_WARN_DIRECT_OBJC_ISA_USAGE = YES_ERROR;
				CLANG_WARN_DOCUMENTATION_COMMENTS = YES;
				CLANG_WARN_EMPTY_BODY = YES;
				CLANG_WARN_ENUM_CONVERSION = YES;
				CLANG_WARN_INFINITE_RECURSION = YES;
				CLANG_WARN_INT_CONVERSION = YES;
				CLANG_WARN_NON_LITERAL_NULL_CONVERSION = YES;
				CLANG_WARN_OBJC_IMPLICIT_RETAIN_SELF = YES;
				CLANG_WARN_OBJC_LITERAL_CONVERSION = YES;
				CLANG_WARN_OBJC_ROOT_CLASS = YES_ERROR;
				CLANG_WARN_QUOTED_INCLUDE_IN_FRAMEWORK_HEADER = YES;
				CLANG_WARN_RANGE_LOOP_ANALYSIS = YES;
				CLANG_WARN_STRICT_PROTOTYPES = YES;
				CLANG_WARN_SUSPICIOUS_MOVE = YES;
				CLANG_WARN_UNGUARDED_AVAILABILITY = YES_AGGRESSIVE;
				CLANG_WARN_UNREACHABLE_CODE = YES;
				CLANG_WARN__DUPLICATE_METHOD_MATCH = YES;
				COPY_PHASE_STRIP = NO;
				DEBUG_INFORMATION_FORMAT = "dwarf-with-dsym";
				DEVELOPMENT_TEAM = 8SEJMN2QLC;
				ENABLE_NS_ASSERTIONS = NO;
				ENABLE_STRICT_OBJC_MSGSEND = YES;
				ENABLE_USER_SCRIPT_SANDBOXING = YES;
				GCC_C_LANGUAGE_STANDARD = gnu17;
				GCC_NO_COMMON_BLOCKS = YES;
				GCC_WARN_64_TO_32_BIT_CONVERSION = YES;
				GCC_WARN_ABOUT_RETURN_TYPE = YES_ERROR;
				GCC_WARN_UNDECLARED_SELECTOR = YES;
				GCC_WARN_UNINITIALIZED_AUTOS = YES_AGGRESSIVE;
				GCC_WARN_UNUSED_FUNCTION = YES;
				GCC_WARN_UNUSED_VARIABLE = YES;
				IPHONEOS_DEPLOYMENT_TARGET = 26.0;
				LOCALIZATION_PREFERS_STRING_CATALOGS = YES;
				MTL_ENABLE_DEBUG_INFO = NO;
				MTL_FAST_MATH = YES;
				SDKROOT = iphoneos;
				SWIFT_COMPILATION_MODE = wholemodule;
				VALIDATE_PRODUCT = YES;
			};
			name = Release;
		};
		765940872E7E507A00BB39B6 /* Debug */ = {
			isa = XCBuildConfiguration;
			buildSettings = {
				ASSETCATALOG_COMPILER_APPICON_NAME = AppIcon;
				ASSETCATALOG_COMPILER_GLOBAL_ACCENT_COLOR_NAME = AccentColor;
				CODE_SIGN_STYLE = Automatic;
				CURRENT_PROJECT_VERSION = 1;
				DEVELOPMENT_TEAM = 8SEJMN2QLC;
				ENABLE_PREVIEWS = YES;
				GENERATE_INFOPLIST_FILE = YES;
				INFOPLIST_KEY_UIApplicationSceneManifest_Generation = YES;
				INFOPLIST_KEY_UIApplicationSupportsIndirectInputEvents = YES;
				INFOPLIST_KEY_UILaunchScreen_Generation = YES;
				INFOPLIST_KEY_UISupportedInterfaceOrientations_iPad = "UIInterfaceOrientationPortrait UIInterfaceOrientationPortraitUpsideDown UIInterfaceOrientationLandscapeLeft UIInterfaceOrientationLandscapeRight";
				INFOPLIST_KEY_UISupportedInterfaceOrientations_iPhone = "UIInterfaceOrientationPortrait UIInterfaceOrientationLandscapeLeft UIInterfaceOrientationLandscapeRight";
				LD_RUNPATH_SEARCH_PATHS = (
					"$(inherited)",
					"@executable_path/Frameworks",
				);
				MARKETING_VERSION = 1.0;
				PRODUCT_BUNDLE_IDENTIFIER = com.langpeu.iOS26Test;
				PRODUCT_NAME = "$(TARGET_NAME)";
				STRING_CATALOG_GENERATE_SYMBOLS = YES;
				SWIFT_APPROACHABLE_CONCURRENCY = YES;
				SWIFT_DEFAULT_ACTOR_ISOLATION = MainActor;
				SWIFT_EMIT_LOC_STRINGS = YES;
				SWIFT_UPCOMING_FEATURE_MEMBER_IMPORT_VISIBILITY = YES;
				SWIFT_VERSION = 5.0;
				TARGETED_DEVICE_FAMILY = "1,2";
			};
			name = Debug;
		};
		765940882E7E507A00BB39B6 /* Release */ = {
			isa = XCBuildConfiguration;
			buildSettings = {
				ASSETCATALOG_COMPILER_APPICON_NAME = AppIcon;
				ASSETCATALOG_COMPILER_GLOBAL_ACCENT_COLOR_NAME = AccentColor;
				CODE_SIGN_STYLE = Automatic;
				CURRENT_PROJECT_VERSION = 1;
				DEVELOPMENT_TEAM = 8SEJMN2QLC;
				ENABLE_PREVIEWS = YES;
				GENERATE_INFOPLIST_FILE = YES;
				INFOPLIST_KEY_UIApplicationSceneManifest_Generation = YES;
				INFOPLIST_KEY_UIApplicationSupportsIndirectInputEvents = YES;
				INFOPLIST_KEY_UILaunchScreen_Generation = YES;
				INFOPLIST_KEY_UISupportedInterfaceOrientations_iPad = "UIInterfaceOrientationPortrait UIInterfaceOrientationPortraitUpsideDown UIInterfaceOrientationLandscapeLeft UIInterfaceOrientationLandscapeRight";
				INFOPLIST_KEY_UISupportedInterfaceOrientations_iPhone = "UIInterfaceOrientationPortrait UIInterfaceOrientationLandscapeLeft UIInterfaceOrientationLandscapeRight";
				LD_RUNPATH_SEARCH_PATHS = (
					"$(inherited)",
					"@executable_path/Frameworks",
				);
				MARKETING_VERSION = 1.0;
				PRODUCT_BUNDLE_IDENTIFIER = com.langpeu.iOS26Test;
				PRODUCT_NAME = "$(TARGET_NAME)";
				STRING_CATALOG_GENERATE_SYMBOLS = YES;
				SWIFT_APPROACHABLE_CONCURRENCY = YES;
				SWIFT_DEFAULT_ACTOR_ISOLATION = MainActor;
				SWIFT_EMIT_LOC_STRINGS = YES;
				SWIFT_UPCOMING_FEATURE_MEMBER_IMPORT_VISIBILITY = YES;
				SWIFT_VERSION = 5.0;
				TARGETED_DEVICE_FAMILY = "1,2";
			};
			name = Release;
		};
		7659408A2E7E507A00BB39B6 /* Debug */ = {
			isa = XCBuildConfiguration;
			buildSettings = {
				BUNDLE_LOADER = "$(TEST_HOST)";
				CODE_SIGN_STYLE = Automatic;
				CURRENT_PROJECT_VERSION = 1;
				DEVELOPMENT_TEAM = 8SEJMN2QLC;
				GENERATE_INFOPLIST_FILE = YES;
				IPHONEOS_DEPLOYMENT_TARGET = 26.0;
				MARKETING_VERSION = 1.0;
				PRODUCT_BUNDLE_IDENTIFIER = com.langpeu.iOS26TestTests;
				PRODUCT_NAME = "$(TARGET_NAME)";
				STRING_CATALOG_GENERATE_SYMBOLS = NO;
				SWIFT_APPROACHABLE_CONCURRENCY = YES;
				SWIFT_EMIT_LOC_STRINGS = NO;
				SWIFT_UPCOMING_FEATURE_MEMBER_IMPORT_VISIBILITY = YES;
				SWIFT_VERSION = 5.0;
				TARGETED_DEVICE_FAMILY = "1,2";
				TEST_HOST = "$(BUILT_PRODUCTS_DIR)/iOS26Test.app/$(BUNDLE_EXECUTABLE_FOLDER_PATH)/iOS26Test";
			};
			name = Debug;
		};
		7659408B2E7E507A00BB39B6 /* Release */ = {
			isa = XCBuildConfiguration;
			buildSettings = {
				BUNDLE_LOADER = "$(TEST_HOST)";
				CODE_SIGN_STYLE = Automatic;
				CURRENT_PROJECT_VERSION = 1;
				DEVELOPMENT_TEAM = 8SEJMN2QLC;
				GENERATE_INFOPLIST_FILE = YES;
				IPHONEOS_DEPLOYMENT_TARGET = 26.0;
				MARKETING_VERSION = 1.0;
				PRODUCT_BUNDLE_IDENTIFIER = com.langpeu.iOS26TestTests;
				PRODUCT_NAME = "$(TARGET_NAME)";
				STRING_CATALOG_GENERATE_SYMBOLS = NO;
				SWIFT_APPROACHABLE_CONCURRENCY = YES;
				SWIFT_EMIT_LOC_STRINGS = NO;
				SWIFT_UPCOMING_FEATURE_MEMBER_IMPORT_VISIBILITY = YES;
				SWIFT_VERSION = 5.0;
				TARGETED_DEVICE_FAMILY = "1,2";
				TEST_HOST = "$(BUILT_PRODUCTS_DIR)/iOS26Test.app/$(BUNDLE_EXECUTABLE_FOLDER_PATH)/iOS26Test";
			};
			name = Release;
		};
		7659408D2E7E507A00BB39B6 /* Debug */ = {
			isa = XCBuildConfiguration;
			buildSettings = {
				CODE_SIGN_STYLE = Automatic;
				CURRENT_PROJECT_VERSION = 1;
				DEVELOPMENT_TEAM = 8SEJMN2QLC;
				GENERATE_INFOPLIST_FILE = YES;
				MARKETING_VERSION = 1.0;
				PRODUCT_BUNDLE_IDENTIFIER = com.langpeu.iOS26TestUITests;
				PRODUCT_NAME = "$(TARGET_NAME)";
				STRING_CATALOG_GENERATE_SYMBOLS = NO;
				SWIFT_APPROACHABLE_CONCURRENCY = YES;
				SWIFT_EMIT_LOC_STRINGS = NO;
				SWIFT_UPCOMING_FEATURE_MEMBER_IMPORT_VISIBILITY = YES;
				SWIFT_VERSION = 5.0;
				TARGETED_DEVICE_FAMILY = "1,2";
				TEST_TARGET_NAME = iOS26Test;
			};
			name = Debug;
		};
		7659408E2E7E507A00BB39B6 /* Release */ = {
			isa = XCBuildConfiguration;
			buildSettings = {
				CODE_SIGN_STYLE = Automatic;
				CURRENT_PROJECT_VERSION = 1;
				DEVELOPMENT_TEAM = 8SEJMN2QLC;
				GENERATE_INFOPLIST_FILE = YES;
				MARKETING_VERSION = 1.0;
				PRODUCT_BUNDLE_IDENTIFIER = com.langpeu.iOS26TestUITests;
				PRODUCT_NAME = "$(TARGET_NAME)";
				STRING_CATALOG_GENERATE_SYMBOLS = NO;
				SWIFT_APPROACHABLE_CONCURRENCY = YES;
				SWIFT_EMIT_LOC_STRINGS = NO;
				SWIFT_UPCOMING_FEATURE_MEMBER_IMPORT_VISIBILITY = YES;
				SWIFT_VERSION = 5.0;
				TARGETED_DEVICE_FAMILY = "1,2";
				TEST_TARGET_NAME = iOS26Test;
			};
			name = Release;
		};
/* End XCBuildConfiguration section */

/* Begin XCConfigurationList section */
		765940602E7E507900BB39B6 /* Build configuration list for PBXProject "iOS26Test" */ = {
			isa = XCConfigurationList;
			buildConfigurations = (
				765940842E7E507A00BB39B6 /* Debug */,
				765940852E7E507A00BB39B6 /* Release */,
			);
			defaultConfigurationIsVisible = 0;
			defaultConfigurationName = Release;
		};
		765940862E7E507A00BB39B6 /* Build configuration list for PBXNativeTarget "iOS26Test" */ = {
			isa = XCConfigurationList;
			buildConfigurations = (
				765940872E7E507A00BB39B6 /* Debug */,
				765940882E7E507A00BB39B6 /* Release */,
			);
			defaultConfigurationIsVisible = 0;
			defaultConfigurationName = Release;
		};
		765940892E7E507A00BB39B6 /* Build configuration list for PBXNativeTarget "iOS26TestTests" */ = {
			isa = XCConfigurationList;
			buildConfigurations = (
				7659408A2E7E507A00BB39B6 /* Debug */,
				7659408B2E7E507A00BB39B6 /* Release */,
			);
			defaultConfigurationIsVisible = 0;
			defaultConfigurationName = Release;
		};
		7659408C2E7E507A00BB39B6 /* Build configuration list for PBXNativeTarget "iOS26TestUITests" */ = {
			isa = XCConfigurationList;
			buildConfigurations = (
				7659408D2E7E507A00BB39B6 /* Debug */,
				7659408E2E7E507A00BB39B6 /* Release */,
			);
			defaultConfigurationIsVisible = 0;
			defaultConfigurationName = Release;
		};
/* End XCConfigurationList section */
	};
	rootObject = 7659405D2E7E507900BB39B6 /* Project object */;
}
